{
  "name": "paratroopers",
  "version": "1.0.0",
  "lockfileVersion": 1,
  "requires": true,
  "dependencies": {
    "@types/three": {
      "version": "0.91.10",
      "resolved": "https://registry.npmjs.org/@types/three/-/three-0.91.10.tgz",
      "integrity": "sha512-pXbvPjwPlI9S1L/oDvvYyLXNb9gVgiO6lORNdrszHCZ7RS79N0HqkTM6VFdtKiYZn3r632zmzNAXL0t6j3A9Hw==",
      "requires": {
        "@types/webvr-api": "0.0.34"
      }
    },
    "@types/webvr-api": {
      "version": "0.0.34",
      "resolved": "https://registry.npmjs.org/@types/webvr-api/-/webvr-api-0.0.34.tgz",
      "integrity": "sha512-gVAPKK+L1blPJCFnUDmkIdRfIU8xbwl05MDXPRjnjoeDXUUzR6frPuyx9RQz+OCodmxlBcJOkjVTMTZi1BcuZw=="
    },
    "three": {
      "version": "0.92.0",
      "resolved": "https://registry.npmjs.org/three/-/three-0.92.0.tgz",
      "integrity": "sha1-jT0fWviQ5i2n9MtF0gwJ+lEFfc0="
    },
    "typescript": {
      "version": "2.8.3",
      "resolved": "https://registry.npmjs.org/typescript/-/typescript-2.8.3.tgz",
      "integrity": "sha512-K7g15Bb6Ra4lKf7Iq2l/I5/En+hLIHmxWZGq3D4DIRNFxMNV6j2SHSvDOqs2tGd4UvD/fJvrwopzQXjLrT7Itw==",
      "dev": true
    }
  }
}
