{
  "name": "paratroopers",
  "version": "1.0.0",
  "lockfileVersion": 1,
  "requires": true,
  "dependencies": {
    "@tensorflow/tfjs": {
      "version": "0.10.3",
      "resolved": "https://registry.npmjs.org/@tensorflow/tfjs/-/tfjs-0.10.3.tgz",
      "integrity": "sha512-3j/GZNOs7QFuWhdBnyj1+Ot0OLM5uMS/tzvTQlPCZwmD/kq1448XpWSh0nJsSMhuN0TGEFTe4DTu8jVs44K9uw==",
      "requires": {
        "@tensorflow/tfjs-core": "0.8.4",
        "@tensorflow/tfjs-layers": "0.5.3"
      }
    },
    "@tensorflow/tfjs-core": {
      "version": "0.8.4",
      "resolved": "https://registry.npmjs.org/@tensorflow/tfjs-core/-/tfjs-core-0.8.4.tgz",
      "integrity": "sha512-8sq2B391UtqELupdWpghElWJXYQVV6QIyvLipN8KLuIzbThbn4qXMOeHgGtu2C+cKMdGg21UzNrGSgfTKiPB3g==",
      "requires": {
        "seedrandom": "2.4.3"
      }
    },
    "@tensorflow/tfjs-layers": {
      "version": "0.5.3",
      "resolved": "https://registry.npmjs.org/@tensorflow/tfjs-layers/-/tfjs-layers-0.5.3.tgz",
      "integrity": "sha512-GNGVnbg8FPTwEglZp1VDuxVkAUMmC9oPkuz1kTExdfEJyPywGxyIfCNs6sJn5b1XupGazautbnGWOe13qDDH3Q=="
    },
    "@types/three": {
      "version": "0.91.10",
      "resolved": "https://registry.npmjs.org/@types/three/-/three-0.91.10.tgz",
      "integrity": "sha512-pXbvPjwPlI9S1L/oDvvYyLXNb9gVgiO6lORNdrszHCZ7RS79N0HqkTM6VFdtKiYZn3r632zmzNAXL0t6j3A9Hw==",
      "requires": {
        "@types/webvr-api": "0.0.34"
      }
    },
    "@types/webvr-api": {
      "version": "0.0.34",
      "resolved": "https://registry.npmjs.org/@types/webvr-api/-/webvr-api-0.0.34.tgz",
      "integrity": "sha512-gVAPKK+L1blPJCFnUDmkIdRfIU8xbwl05MDXPRjnjoeDXUUzR6frPuyx9RQz+OCodmxlBcJOkjVTMTZi1BcuZw=="
    },
    "seedrandom": {
      "version": "2.4.3",
      "resolved": "https://registry.npmjs.org/seedrandom/-/seedrandom-2.4.3.tgz",
      "integrity": "sha1-JDhQTa0zkXMUv/GKxNeU8W1qrsw="
    },
    "three": {
      "version": "0.92.0",
      "resolved": "https://registry.npmjs.org/three/-/three-0.92.0.tgz",
      "integrity": "sha1-jT0fWviQ5i2n9MtF0gwJ+lEFfc0="
    },
    "typescript": {
      "version": "2.8.3",
      "resolved": "https://registry.npmjs.org/typescript/-/typescript-2.8.3.tgz",
      "integrity": "sha512-K7g15Bb6Ra4lKf7Iq2l/I5/En+hLIHmxWZGq3D4DIRNFxMNV6j2SHSvDOqs2tGd4UvD/fJvrwopzQXjLrT7Itw==",
      "dev": true
    }
  }
}
